
Microsoft Visual Studio Solution File, Format Version 12.00
# Visual Studio Version 17
VisualStudioVersion = 17.0.31903.59
MinimumVisualStudioVersion = 10.0.40219.1
Project("{2150E333-8FDC-42A3-9474-1A3956D46DE8}") = "src", "src", "{0BD429DE-9D8D-428C-8AA7-1239AE797D35}"
EndProject
Project("{2150E333-8FDC-42A3-9474-1A3956D46DE8}") = "tests", "tests", "{AE07B05E-CEA5-4D30-A501-17C9D9DD38CD}"
EndProject
Project("{FAE04EC0-301F-11D3-BF4B-00C04F79EFBC}") = "Catalog", "Catalog\Catalog.csproj", "{FC9D1E13-C9A0-4BD7-B4E2-F9EE1DEFCFD6}"
EndProject
Global
	GlobalSection(SolutionConfigurationPlatforms) = preSolution
		Debug|Any CPU = Debug|Any CPU
		Release|Any CPU = Release|Any CPU
	EndGlobalSection
	GlobalSection(ProjectConfigurationPlatforms) = postSolution
		{FC9D1E13-C9A0-4BD7-B4E2-F9EE1DEFCFD6}.Debug|Any CPU.ActiveCfg = Debug|Any CPU
		{FC9D1E13-C9A0-4BD7-B4E2-F9EE1DEFCFD6}.Debug|Any CPU.Build.0 = Debug|Any CPU
		{FC9D1E13-C9A0-4BD7-B4E2-F9EE1DEFCFD6}.Release|Any CPU.ActiveCfg = Release|Any CPU
		{FC9D1E13-C9A0-4BD7-B4E2-F9EE1DEFCFD6}.Release|Any CPU.Build.0 = Release|Any CPU
	EndGlobalSection
	GlobalSection(SolutionProperties) = preSolution
		HideSolutionNode = FALSE
	EndGlobalSection
	GlobalSection(NestedProjects) = preSolution
		{FC9D1E13-C9A0-4BD7-B4E2-F9EE1DEFCFD6} = {0BD429DE-9D8D-428C-8AA7-1239AE797D35}
	EndGlobalSection
	GlobalSection(ExtensibilityGlobals) = postSolution
		SolutionGuid = {EC8D4378-A450-4040-95B7-C2F75D7DA00C}
	EndGlobalSection
EndGlobal
